Microsoft Visual Studio Solution File, Format Version 12.00
# Visual Studio Version 17
VisualStudioVersion = 17.5.2.0
MinimumVisualStudioVersion = 10.0.40219.1
Project("{FAE04EC0-301F-11D3-BF4B-00C04F79EFBC}") = "AuthApp", "AuthApp\AuthApp.csproj", "{ED2F5FA7-4C8F-E286-BAFD-1B959AD576DA}"
EndProject
Global
	GlobalSection(SolutionConfigurationPlatforms) = preSolution
		Debug|Any CPU = Debug|Any CPU
		Release|Any CPU = Release|Any CPU
	EndGlobalSection
	GlobalSection(ProjectConfigurationPlatforms) = postSolution
		{ED2F5FA7-4C8F-E286-BAFD-1B959AD576DA}.Debug|Any CPU.ActiveCfg = Debug|Any CPU
		{ED2F5FA7-4C8F-E286-BAFD-1B959AD576DA}.Debug|Any CPU.Build.0 = Debug|Any CPU
		{ED2F5FA7-4C8F-E286-BAFD-1B959AD576DA}.Release|Any CPU.ActiveCfg = Release|Any CPU
		{ED2F5FA7-4C8F-E286-BAFD-1B959AD576DA}.Release|Any CPU.Build.0 = Release|Any CPU
	EndGlobalSection
	GlobalSection(SolutionProperties) = preSolution
		HideSolutionNode = FALSE
	EndGlobalSection
	GlobalSection(ExtensibilityGlobals) = postSolution
		SolutionGuid = {70357ACF-0D4A-42A7-A69A-E4E50156D0C5}
	EndGlobalSection
EndGlobal
